
Microsoft Visual Studio Solution File, Format Version 12.00
# Visual Studio Version 17
VisualStudioVersion = 17.10.34902.84
MinimumVisualStudioVersion = 10.0.40219.1
Project("{9A19103F-16F7-4668-BE54-9A1E7A4F7556}") = "books", "books\books.csproj", "{641F8500-510C-4B87-8ADD-1BEBB90D9746}"
EndProject
Project("{9A19103F-16F7-4668-BE54-9A1E7A4F7556}") = "DataAccessLayer", "DataAccessLayer\DataAccessLayer.csproj", "{2EF8D7A8-87D4-4B66-920E-91DA0E6DF9E6}"
EndProject
Global
	GlobalSection(SolutionConfigurationPlatforms) = preSolution
		Debug|Any CPU = Debug|Any CPU
		Release|Any CPU = Release|Any CPU
	EndGlobalSection
	GlobalSection(ProjectConfigurationPlatforms) = postSolution
		{641F8500-510C-4B87-8ADD-1BEBB90D9746}.Debug|Any CPU.ActiveCfg = Debug|Any CPU
		{641F8500-510C-4B87-8ADD-1BEBB90D9746}.Debug|Any CPU.Build.0 = Debug|Any CPU
		{641F8500-510C-4B87-8ADD-1BEBB90D9746}.Release|Any CPU.ActiveCfg = Release|Any CPU
		{641F8500-510C-4B87-8ADD-1BEBB90D9746}.Release|Any CPU.Build.0 = Release|Any CPU
		{2EF8D7A8-87D4-4B66-920E-91DA0E6DF9E6}.Debug|Any CPU.ActiveCfg = Debug|Any CPU
		{2EF8D7A8-87D4-4B66-920E-91DA0E6DF9E6}.Debug|Any CPU.Build.0 = Debug|Any CPU
		{2EF8D7A8-87D4-4B66-920E-91DA0E6DF9E6}.Release|Any CPU.ActiveCfg = Release|Any CPU
		{2EF8D7A8-87D4-4B66-920E-91DA0E6DF9E6}.Release|Any CPU.Build.0 = Release|Any CPU
	EndGlobalSection
	GlobalSection(SolutionProperties) = preSolution
		HideSolutionNode = FALSE
	EndGlobalSection
	GlobalSection(ExtensibilityGlobals) = postSolution
		SolutionGuid = {A318C49B-A9B8-4C27-8EA1-7E3BB9258EC4}
	EndGlobalSection
EndGlobal
